{
  "name": "css-theme",
  "version": "0.0.3",
  "lockfileVersion": 1,
  "requires": true,
  "dependencies": {
    "atob": {
      "version": "2.1.2",
      "resolved": "http://172.172.178.31:4873/atob/-/atob-2.1.2.tgz",
      "integrity": "sha512-Wm6ukoaOGJi/73p/cl2GvLjTI5JM1k/O14isD73YML8StrH/7/lRFgmg8nICZgD3bZZvjwCGxtMOD3wWNAu8cg=="
    },
    "css": {
      "version": "2.2.4",
      "resolved": "http://172.172.178.31:4873/css/-/css-2.2.4.tgz",
      "integrity": "sha512-oUnjmWpy0niI3x/mPL8dVEI1l7MnG3+HHyRPHf+YFSbK+svOhXpmSOcDURUh2aOCgl2grzrOPt1nHLuCVFULLw==",
      "requires": {
        "inherits": "2.0.3",
        "source-map": "0.6.1",
        "source-map-resolve": "0.5.2",
        "urix": "0.1.0"
      }
    },
    "decode-uri-component": {
      "version": "0.2.0",
      "resolved": "http://172.172.178.31:4873/decode-uri-component/-/decode-uri-component-0.2.0.tgz",
      "integrity": "sha1-6zkTMzRYd1y4TNGh+uBiEGu4dUU="
    },
    "inherits": {
      "version": "2.0.3",
      "resolved": "http://172.172.178.31:4873/inherits/-/inherits-2.0.3.tgz",
      "integrity": "sha1-Yzwsg+PaQqUC9SRmAiSA9CCCYd4="
    },
    "resolve-url": {
      "version": "0.2.1",
      "resolved": "http://172.172.178.31:4873/resolve-url/-/resolve-url-0.2.1.tgz",
      "integrity": "sha1-LGN/53yJOv0qZj/iGqkIAGjiBSo="
    },
    "source-map": {
      "version": "0.6.1",
      "resolved": "http://172.172.178.31:4873/source-map/-/source-map-0.6.1.tgz",
      "integrity": "sha1-dHIq8y6WFOnCh6jQu95IteLxomM="
    },
    "source-map-resolve": {
      "version": "0.5.2",
      "resolved": "http://172.172.178.31:4873/source-map-resolve/-/source-map-resolve-0.5.2.tgz",
      "integrity": "sha1-cuLMNAlVQ+Q7LGKyxMENSpBU8lk=",
      "requires": {
        "atob": "2.1.2",
        "decode-uri-component": "0.2.0",
        "resolve-url": "0.2.1",
        "source-map-url": "0.4.0",
        "urix": "0.1.0"
      }
    },
    "source-map-url": {
      "version": "0.4.0",
      "resolved": "http://172.172.178.31:4873/source-map-url/-/source-map-url-0.4.0.tgz",
      "integrity": "sha1-PpNdfd1zYxuXZZlW1VEo6HtQhKM="
    },
    "urix": {
      "version": "0.1.0",
      "resolved": "http://172.172.178.31:4873/urix/-/urix-0.1.0.tgz",
      "integrity": "sha1-2pN/emLiH+wf0Y1Js1wpNQZ6bHI="
    }
  }
}
